
Microsoft Visual Studio Solution File, Format Version 12.00
# Visual Studio Version 17
VisualStudioVersion = 17.4.33205.214
MinimumVisualStudioVersion = 10.0.40219.1
Project("{2150E333-8FDC-42A3-9474-1A3956D46DE8}") = "src", "src", "{4953BAC3-B5FF-4614-A711-6D1A294E8F19}"
EndProject
Project("{2150E333-8FDC-42A3-9474-1A3956D46DE8}") = "test", "test", "{47DFCA2E-3F8E-411E-AE59-32F2F3E32B30}"
EndProject
Project("{9A19103F-16F7-4668-BE54-9A1E7A4F7556}") = "EduUp.Domain", "src\EduUp.Domain\EduUp.Domain.csproj", "{3B7EBA5C-13E0-4ED0-B824-25319C397397}"
EndProject
Project("{9A19103F-16F7-4668-BE54-9A1E7A4F7556}") = "EduUp.DataAccess", "src\EduUp.DataAccess\EduUp.DataAccess.csproj", "{BE7A2B4A-5129-42AD-BA4F-4775E88465E7}"
EndProject
Project("{9A19103F-16F7-4668-BE54-9A1E7A4F7556}") = "EduUp.Service", "src\EduUp.Service\EduUp.Service.csproj", "{2901D725-80AC-41E8-91AE-37C6E06656DB}"
EndProject
Project("{9A19103F-16F7-4668-BE54-9A1E7A4F7556}") = "EduUp.Web", "src\EduUp.Web\EduUp.Web.csproj", "{5FDEC0E7-444E-42C3-AAB0-C9DB019A8AA4}"
EndProject
Project("{9A19103F-16F7-4668-BE54-9A1E7A4F7556}") = "EduUp.UnitTest", "test\EduUp.UnitTest\EduUp.UnitTest.csproj", "{189AA481-6091-4509-ACC2-0ED9DD58DCBF}"
EndProject
Project("{9A19103F-16F7-4668-BE54-9A1E7A4F7556}") = "EduUp.IntegrationTest", "test\EduUp.IntegrationTest\EduUp.IntegrationTest.csproj", "{B0FB41BA-6456-4838-9377-DBDC18B863CB}"
EndProject
Global
	GlobalSection(SolutionConfigurationPlatforms) = preSolution
		Debug|Any CPU = Debug|Any CPU
		Release|Any CPU = Release|Any CPU
	EndGlobalSection
	GlobalSection(ProjectConfigurationPlatforms) = postSolution
		{3B7EBA5C-13E0-4ED0-B824-25319C397397}.Debug|Any CPU.ActiveCfg = Debug|Any CPU
		{3B7EBA5C-13E0-4ED0-B824-25319C397397}.Debug|Any CPU.Build.0 = Debug|Any CPU
		{3B7EBA5C-13E0-4ED0-B824-25319C397397}.Release|Any CPU.ActiveCfg = Release|Any CPU
		{3B7EBA5C-13E0-4ED0-B824-25319C397397}.Release|Any CPU.Build.0 = Release|Any CPU
		{BE7A2B4A-5129-42AD-BA4F-4775E88465E7}.Debug|Any CPU.ActiveCfg = Debug|Any CPU
		{BE7A2B4A-5129-42AD-BA4F-4775E88465E7}.Debug|Any CPU.Build.0 = Debug|Any CPU
		{BE7A2B4A-5129-42AD-BA4F-4775E88465E7}.Release|Any CPU.ActiveCfg = Release|Any CPU
		{BE7A2B4A-5129-42AD-BA4F-4775E88465E7}.Release|Any CPU.Build.0 = Release|Any CPU
		{2901D725-80AC-41E8-91AE-37C6E06656DB}.Debug|Any CPU.ActiveCfg = Debug|Any CPU
		{2901D725-80AC-41E8-91AE-37C6E06656DB}.Debug|Any CPU.Build.0 = Debug|Any CPU
		{2901D725-80AC-41E8-91AE-37C6E06656DB}.Release|Any CPU.ActiveCfg = Release|Any CPU
		{2901D725-80AC-41E8-91AE-37C6E06656DB}.Release|Any CPU.Build.0 = Release|Any CPU
		{5FDEC0E7-444E-42C3-AAB0-C9DB019A8AA4}.Debug|Any CPU.ActiveCfg = Debug|Any CPU
		{5FDEC0E7-444E-42C3-AAB0-C9DB019A8AA4}.Debug|Any CPU.Build.0 = Debug|Any CPU
		{5FDEC0E7-444E-42C3-AAB0-C9DB019A8AA4}.Release|Any CPU.ActiveCfg = Release|Any CPU
		{5FDEC0E7-444E-42C3-AAB0-C9DB019A8AA4}.Release|Any CPU.Build.0 = Release|Any CPU
		{189AA481-6091-4509-ACC2-0ED9DD58DCBF}.Debug|Any CPU.ActiveCfg = Debug|Any CPU
		{189AA481-6091-4509-ACC2-0ED9DD58DCBF}.Debug|Any CPU.Build.0 = Debug|Any CPU
		{189AA481-6091-4509-ACC2-0ED9DD58DCBF}.Release|Any CPU.ActiveCfg = Release|Any CPU
		{189AA481-6091-4509-ACC2-0ED9DD58DCBF}.Release|Any CPU.Build.0 = Release|Any CPU
		{B0FB41BA-6456-4838-9377-DBDC18B863CB}.Debug|Any CPU.ActiveCfg = Debug|Any CPU
		{B0FB41BA-6456-4838-9377-DBDC18B863CB}.Debug|Any CPU.Build.0 = Debug|Any CPU
		{B0FB41BA-6456-4838-9377-DBDC18B863CB}.Release|Any CPU.ActiveCfg = Release|Any CPU
		{B0FB41BA-6456-4838-9377-DBDC18B863CB}.Release|Any CPU.Build.0 = Release|Any CPU
	EndGlobalSection
	GlobalSection(SolutionProperties) = preSolution
		HideSolutionNode = FALSE
	EndGlobalSection
	GlobalSection(NestedProjects) = preSolution
		{3B7EBA5C-13E0-4ED0-B824-25319C397397} = {4953BAC3-B5FF-4614-A711-6D1A294E8F19}
		{BE7A2B4A-5129-42AD-BA4F-4775E88465E7} = {4953BAC3-B5FF-4614-A711-6D1A294E8F19}
		{2901D725-80AC-41E8-91AE-37C6E06656DB} = {4953BAC3-B5FF-4614-A711-6D1A294E8F19}
		{5FDEC0E7-444E-42C3-AAB0-C9DB019A8AA4} = {4953BAC3-B5FF-4614-A711-6D1A294E8F19}
		{189AA481-6091-4509-ACC2-0ED9DD58DCBF} = {47DFCA2E-3F8E-411E-AE59-32F2F3E32B30}
		{B0FB41BA-6456-4838-9377-DBDC18B863CB} = {47DFCA2E-3F8E-411E-AE59-32F2F3E32B30}
	EndGlobalSection
	GlobalSection(ExtensibilityGlobals) = postSolution
		SolutionGuid = {1DB3BFC7-582A-4084-B071-DB1EBE57BD14}
	EndGlobalSection
EndGlobal
